{
    "_meta": {
        "hash": {
            "sha256": "b89349d4933fc10de35e7613468dfc1ccb3ba3f3cee9934c9df0d82c820c9067"
        },
        "requires": {},
        "sources": [
            {
                "url": "https://pypi.python.org/simple",
                "verify_ssl": true
            }
        ]
    },
    "default": {
        "Django": {
            "hash": "sha256:0120b3b60760fb0617848b58aaa9702c0bf963320ed472f0879c5c55ab75b64a",
            "version": "==1.11"
        },
        "pytz": {
            "hash": "sha256:d1d6729c85acea5423671382868627129432fba9a89ecbb248d8d1c7a9f01c67",
            "version": "==2017.2"
        }
    },
    "develop": {}
}